
Microsoft Visual Studio Solution File, Format Version 12.00
# Visual Studio Version 17
VisualStudioVersion = 17.0.31919.166
MinimumVisualStudioVersion = 10.0.40219.1
Project("{FAE04EC0-301F-11D3-BF4B-00C04F79EFBC}") = "listaosob3a", "listaosob3a\listaosob3a.csproj", "{2249DDDC-C7FD-4A50-AA3C-8776B81B6943}"
EndProject
Global
	GlobalSection(SolutionConfigurationPlatforms) = preSolution
		Debug|Any CPU = Debug|Any CPU
		Release|Any CPU = Release|Any CPU
	EndGlobalSection
	GlobalSection(ProjectConfigurationPlatforms) = postSolution
		{2249DDDC-C7FD-4A50-AA3C-8776B81B6943}.Debug|Any CPU.ActiveCfg = Debug|Any CPU
		{2249DDDC-C7FD-4A50-AA3C-8776B81B6943}.Debug|Any CPU.Build.0 = Debug|Any CPU
		{2249DDDC-C7FD-4A50-AA3C-8776B81B6943}.Release|Any CPU.ActiveCfg = Release|Any CPU
		{2249DDDC-C7FD-4A50-AA3C-8776B81B6943}.Release|Any CPU.Build.0 = Release|Any CPU
	EndGlobalSection
	GlobalSection(SolutionProperties) = preSolution
		HideSolutionNode = FALSE
	EndGlobalSection
	GlobalSection(ExtensibilityGlobals) = postSolution
		SolutionGuid = {E7D448FF-F89B-482E-9816-38340527BA8B}
	EndGlobalSection
EndGlobal
